// !$*UTF8*$!
{
	archiveVersion = 1;
	classes = {
	};
	objectVersion = 48;
	objects = {

/* Begin PBXBuildFile section */
		F1CEB158203B85DA0054751A /* AppDelegate.swift in Sources */ = {isa = PBXBuildFile; fileRef = F1CEB157203B85DA0054751A /* AppDelegate.swift */; };
		F1CEB15A203B85DA0054751A /* ViewController.swift in Sources */ = {isa = PBXBuildFile; fileRef = F1CEB159203B85DA0054751A /* ViewController.swift */; };
		F1CEB15D203B85DA0054751A /* Main.storyboard in Resources */ = {isa = PBXBuildFile; fileRef = F1CEB15B203B85DA0054751A /* Main.storyboard */; };
		F1CEB15F203B85DA0054751A /* Assets.xcassets in Resources */ = {isa = PBXBuildFile; fileRef = F1CEB15E203B85DA0054751A /* Assets.xcassets */; };
		F1CEB162203B85DA0054751A /* LaunchScreen.storyboard in Resources */ = {isa = PBXBuildFile; fileRef = F1CEB160203B85DA0054751A /* LaunchScreen.storyboard */; };
		F1CEB16A203B862B0054751A /* Game.swift in Sources */ = {isa = PBXBuildFile; fileRef = F1CEB169203B862B0054751A /* Game.swift */; };
/* End PBXBuildFile section */

/* Begin PBXFileReference section */
		F1CEB154203B85DA0054751A /* TaroSilver.app */ = {isa = PBXFileReference; explicitFileType = wrapper.application; includeInIndex = 0; path = TaroSilver.app; sourceTree = BUILT_PRODUCTS_DIR; };
		F1CEB157203B85DA0054751A /* AppDelegate.swift */ = {isa = PBXFileReference; lastKnownFileType = sourcecode.swift; path = AppDelegate.swift; sourceTree = "<group>"; };
		F1CEB159203B85DA0054751A /* ViewController.swift */ = {isa = PBXFileReference; lastKnownFileType = sourcecode.swift; path = ViewController.swift; sourceTree = "<group>"; };
		F1CEB15C203B85DA0054751A /* Base */ = {isa = PBXFileReference; lastKnownFileType = file.storyboard; name = Base; path = Base.lproj/Main.storyboard; sourceTree = "<group>"; };
		F1CEB15E203B85DA0054751A /* Assets.xcassets */ = {isa = PBXFileReference; lastKnownFileType = folder.assetcatalog; path = Assets.xcassets; sourceTree = "<group>"; };
		F1CEB161203B85DA0054751A /* Base */ = {isa = PBXFileReference; lastKnownFileType = file.storyboard; name = Base; path = Base.lproj/LaunchScreen.storyboard; sourceTree = "<group>"; };
		F1CEB163203B85DA0054751A /* Info.plist */ = {isa = PBXFileReference; lastKnownFileType = text.plist.xml; path = Info.plist; sourceTree = "<group>"; };
		F1CEB169203B862B0054751A /* Game.swift */ = {isa = PBXFileReference; lastKnownFileType = sourcecode.swift; path = Game.swift; sourceTree = "<group>"; };
/* End PBXFileReference section */

/* Begin PBXFrameworksBuildPhase section */
		F1CEB151203B85DA0054751A /* Frameworks */ = {
			isa = PBXFrameworksBuildPhase;
			buildActionMask = 2147483647;
			files = (
			);
			runOnlyForDeploymentPostprocessing = 0;
		};
/* End PBXFrameworksBuildPhase section */

/* Begin PBXGroup section */
		F1CEB14B203B85DA0054751A = {
			isa = PBXGroup;
			children = (
				F1CEB156203B85DA0054751A /* TaroSilver */,
				F1CEB155203B85DA0054751A /* Products */,
			);
			sourceTree = "<group>";
		};
		F1CEB155203B85DA0054751A /* Products */ = {
			isa = PBXGroup;
			children = (
				F1CEB154203B85DA0054751A /* TaroSilver.app */,
			);
			name = Products;
			sourceTree = "<group>";
		};
		F1CEB156203B85DA0054751A /* TaroSilver */ = {
			isa = PBXGroup;
			children = (
				F1CEB157203B85DA0054751A /* AppDelegate.swift */,
				F1CEB159203B85DA0054751A /* ViewController.swift */,
				F1CEB15B203B85DA0054751A /* Main.storyboard */,
				F1CEB169203B862B0054751A /* Game.swift */,
				F1CEB15E203B85DA0054751A /* Assets.xcassets */,
				F1CEB160203B85DA0054751A /* LaunchScreen.storyboard */,
				F1CEB163203B85DA0054751A /* Info.plist */,
			);
			path = TaroSilver;
			sourceTree = "<group>";
		};
/* End PBXGroup section */

/* Begin PBXNativeTarget section */
		F1CEB153203B85DA0054751A /* TaroSilver */ = {
			isa = PBXNativeTarget;
			buildConfigurationList = F1CEB166203B85DA0054751A /* Build configuration list for PBXNativeTarget "TaroSilver" */;
			buildPhases = (
				F1CEB150203B85DA0054751A /* Sources */,
				F1CEB151203B85DA0054751A /* Frameworks */,
				F1CEB152203B85DA0054751A /* Resources */,
			);
			buildRules = (
			);
			dependencies = (
			);
			name = TaroSilver;
			productName = TaroSilver;
			productReference = F1CEB154203B85DA0054751A /* TaroSilver.app */;
			productType = "com.apple.product-type.application";
		};
/* End PBXNativeTarget section */

/* Begin PBXProject section */
		F1CEB14C203B85DA0054751A /* Project object */ = {
			isa = PBXProject;
			attributes = {
				LastSwiftUpdateCheck = 0920;
				LastUpgradeCheck = 0920;
				ORGANIZATIONNAME = "Akerke Okapova";
				TargetAttributes = {
					F1CEB153203B85DA0054751A = {
						CreatedOnToolsVersion = 9.2;
						ProvisioningStyle = Automatic;
					};
				};
			};
			buildConfigurationList = F1CEB14F203B85DA0054751A /* Build configuration list for PBXProject "TaroSilver" */;
			compatibilityVersion = "Xcode 8.0";
			developmentRegion = en;
			hasScannedForEncodings = 0;
			knownRegions = (
				en,
				Base,
			);
			mainGroup = F1CEB14B203B85DA0054751A;
			productRefGroup = F1CEB155203B85DA0054751A /* Products */;
			projectDirPath = "";
			projectRoot = "";
			targets = (
				F1CEB153203B85DA0054751A /* TaroSilver */,
			);
		};
/* End PBXProject section */

/* Begin PBXResourcesBuildPhase section */
		F1CEB152203B85DA0054751A /* Resources */ = {
			isa = PBXResourcesBuildPhase;
			buildActionMask = 2147483647;
			files = (
				F1CEB162203B85DA0054751A /* LaunchScreen.storyboard in Resources */,
				F1CEB15F203B85DA0054751A /* Assets.xcassets in Resources */,
				F1CEB15D203B85DA0054751A /* Main.storyboard in Resources */,
			);
			runOnlyForDeploymentPostprocessing = 0;
		};
/* End PBXResourcesBuildPhase section */

/* Begin PBXSourcesBuildPhase section */
		F1CEB150203B85DA0054751A /* Sources */ = {
			isa = PBXSourcesBuildPhase;
			buildActionMask = 2147483647;
			files = (
				F1CEB15A203B85DA0054751A /* ViewController.swift in Sources */,
				F1CEB16A203B862B0054751A /* Game.swift in Sources */,
				F1CEB158203B85DA0054751A /* AppDelegate.swift in Sources */,
			);
			runOnlyForDeploymentPostprocessing = 0;
		};
/* End PBXSourcesBuildPhase section */

/* Begin PBXVariantGroup section */
		F1CEB15B203B85DA0054751A /* Main.storyboard */ = {
			isa = PBXVariantGroup;
			children = (
				F1CEB15C203B85DA0054751A /* Base */,
			);
			name = Main.storyboard;
			sourceTree = "<group>";
		};
		F1CEB160203B85DA0054751A /* LaunchScreen.storyboard */ = {
			isa = PBXVariantGroup;
			children = (
				F1CEB161203B85DA0054751A /* Base */,
			);
			name = LaunchScreen.storyboard;
			sourceTree = "<group>";
		};
/* End PBXVariantGroup section */

/* Begin XCBuildConfiguration section */
		F1CEB164203B85DA0054751A /* Debug */ = {
			isa = XCBuildConfiguration;
			buildSettings = {
				ALWAYS_SEARCH_USER_PATHS = NO;
				CLANG_ANALYZER_NONNULL = YES;
				CLANG_ANALYZER_NUMBER_OBJECT_CONVERSION = YES_AGGRESSIVE;
				CLANG_CXX_LANGUAGE_STANDARD = "gnu++14";
				CLANG_CXX_LIBRARY = "libc++";
				CLANG_ENABLE_MODULES = YES;
				CLANG_ENABLE_OBJC_ARC = YES;
				CLANG_WARN_BLOCK_CAPTURE_AUTORELEASING = YES;
				CLANG_WARN_BOOL_CONVERSION = YES;
				CLANG_WARN_COMMA = YES;
				CLANG_WARN_CONSTANT_CONVERSION = YES;
				CLANG_WARN_DIRECT_OBJC_ISA_USAGE = YES_ERROR;
				CLANG_WARN_DOCUMENTATION_COMMENTS = YES;
				CLANG_WARN_EMPTY_BODY = YES;
				CLANG_WARN_ENUM_CONVERSION = YES;
				CLANG_WARN_INFINITE_RECURSION = YES;
				CLANG_WARN_INT_CONVERSION = YES;
				CLANG_WARN_NON_LITERAL_NULL_CONVERSION = YES;
				CLANG_WARN_OBJC_LITERAL_CONVERSION = YES;
				CLANG_WARN_OBJC_ROOT_CLASS = YES_ERROR;
				CLANG_WARN_RANGE_LOOP_ANALYSIS = YES;
				CLANG_WARN_STRICT_PROTOTYPES = YES;
				CLANG_WARN_SUSPICIOUS_MOVE = YES;
				CLANG_WARN_UNGUARDED_AVAILABILITY = YES_AGGRESSIVE;
				CLANG_WARN_UNREACHABLE_CODE = YES;
				CLANG_WARN__DUPLICATE_METHOD_MATCH = YES;
				CODE_SIGN_IDENTITY = "iPhone Developer";
				COPY_PHASE_STRIP = NO;
				DEBUG_INFORMATION_FORMAT = dwarf;
				ENABLE_STRICT_OBJC_MSGSEND = YES;
				ENABLE_TESTABILITY = YES;
				GCC_C_LANGUAGE_STANDARD = gnu11;
				GCC_DYNAMIC_NO_PIC = NO;
				GCC_NO_COMMON_BLOCKS = YES;
				GCC_OPTIMIZATION_LEVEL = 0;
				GCC_PREPROCESSOR_DEFINITIONS = (
					"DEBUG=1",
					"$(inherited)",
				);
				GCC_WARN_64_TO_32_BIT_CONVERSION = YES;
				GCC_WARN_ABOUT_RETURN_TYPE = YES_ERROR;
				GCC_WARN_UNDECLARED_SELECTOR = YES;
				GCC_WARN_UNINITIALIZED_AUTOS = YES_AGGRESSIVE;
				GCC_WARN_UNUSED_FUNCTION = YES;
				GCC_WARN_UNUSED_VARIABLE = YES;
				IPHONEOS_DEPLOYMENT_TARGET = 11.2;
				MTL_ENABLE_DEBUG_INFO = YES;
				ONLY_ACTIVE_ARCH = YES;
				SDKROOT = iphoneos;
				SWIFT_ACTIVE_COMPILATION_CONDITIONS = DEBUG;
				SWIFT_OPTIMIZATION_LEVEL = "-Onone";
			};
			name = Debug;
		};
		F1CEB165203B85DA0054751A /* Release */ = {
			isa = XCBuildConfiguration;
			buildSettings = {
				ALWAYS_SEARCH_USER_PATHS = NO;
				CLANG_ANALYZER_NONNULL = YES;
				CLANG_ANALYZER_NUMBER_OBJECT_CONVERSION = YES_AGGRESSIVE;
				CLANG_CXX_LANGUAGE_STANDARD = "gnu++14";
				CLANG_CXX_LIBRARY = "libc++";
				CLANG_ENABLE_MODULES = YES;
				CLANG_ENABLE_OBJC_ARC = YES;
				CLANG_WARN_BLOCK_CAPTURE_AUTORELEASING = YES;
				CLANG_WARN_BOOL_CONVERSION = YES;
				CLANG_WARN_COMMA = YES;
				CLANG_WARN_CONSTANT_CONVERSION = YES;
				CLANG_WARN_DIRECT_OBJC_ISA_USAGE = YES_ERROR;
				CLANG_WARN_DOCUMENTATION_COMMENTS = YES;
				CLANG_WARN_EMPTY_BODY = YES;
				CLANG_WARN_ENUM_CONVERSION = YES;
				CLANG_WARN_INFINITE_RECURSION = YES;
				CLANG_WARN_INT_CONVERSION = YES;
				CLANG_WARN_NON_LITERAL_NULL_CONVERSION = YES;
				CLANG_WARN_OBJC_LITERAL_CONVERSION = YES;
				CLANG_WARN_OBJC_ROOT_CLASS = YES_ERROR;
				CLANG_WARN_RANGE_LOOP_ANALYSIS = YES;
				CLANG_WARN_STRICT_PROTOTYPES = YES;
				CLANG_WARN_SUSPICIOUS_MOVE = YES;
				CLANG_WARN_UNGUARDED_AVAILABILITY = YES_AGGRESSIVE;
				CLANG_WARN_UNREACHABLE_CODE = YES;
				CLANG_WARN__DUPLICATE_METHOD_MATCH = YES;
				CODE_SIGN_IDENTITY = "iPhone Developer";
				COPY_PHASE_STRIP = NO;
				DEBUG_INFORMATION_FORMAT = "dwarf-with-dsym";
				ENABLE_NS_ASSERTIONS = NO;
				ENABLE_STRICT_OBJC_MSGSEND = YES;
				GCC_C_LANGUAGE_STANDARD = gnu11;
				GCC_NO_COMMON_BLOCKS = YES;
				GCC_WARN_64_TO_32_BIT_CONVERSION = YES;
				GCC_WARN_ABOUT_RETURN_TYPE = YES_ERROR;
				GCC_WARN_UNDECLARED_SELECTOR = YES;
				GCC_WARN_UNINITIALIZED_AUTOS = YES_AGGRESSIVE;
				GCC_WARN_UNUSED_FUNCTION = YES;
				GCC_WARN_UNUSED_VARIABLE = YES;
				IPHONEOS_DEPLOYMENT_TARGET = 11.2;
				MTL_ENABLE_DEBUG_INFO = NO;
				SDKROOT = iphoneos;
				SWIFT_OPTIMIZATION_LEVEL = "-Owholemodule";
				VALIDATE_PRODUCT = YES;
			};
			name = Release;
		};
		F1CEB167203B85DA0054751A /* Debug */ = {
			isa = XCBuildConfiguration;
			buildSettings = {
				ASSETCATALOG_COMPILER_APPICON_NAME = AppIcon;
				CODE_SIGN_STYLE = Automatic;
				DEVELOPMENT_TEAM = PN9LW35DK2;
				INFOPLIST_FILE = TaroSilver/Info.plist;
				LD_RUNPATH_SEARCH_PATHS = "$(inherited) @executable_path/Frameworks";
				PRODUCT_BUNDLE_IDENTIFIER = "akerke-okapova.TaroSilver";
				PRODUCT_NAME = "$(TARGET_NAME)";
				SWIFT_VERSION = 4.0;
				TARGETED_DEVICE_FAMILY = "1,2";
			};
			name = Debug;
		};
		F1CEB168203B85DA0054751A /* Release */ = {
			isa = XCBuildConfiguration;
			buildSettings = {
				ASSETCATALOG_COMPILER_APPICON_NAME = AppIcon;
				CODE_SIGN_STYLE = Automatic;
				DEVELOPMENT_TEAM = PN9LW35DK2;
				INFOPLIST_FILE = TaroSilver/Info.plist;
				LD_RUNPATH_SEARCH_PATHS = "$(inherited) @executable_path/Frameworks";
				PRODUCT_BUNDLE_IDENTIFIER = "akerke-okapova.TaroSilver";
				PRODUCT_NAME = "$(TARGET_NAME)";
				SWIFT_VERSION = 4.0;
				TARGETED_DEVICE_FAMILY = "1,2";
			};
			name = Release;
		};
/* End XCBuildConfiguration section */

/* Begin XCConfigurationList section */
		F1CEB14F203B85DA0054751A /* Build configuration list for PBXProject "TaroSilver" */ = {
			isa = XCConfigurationList;
			buildConfigurations = (
				F1CEB164203B85DA0054751A /* Debug */,
				F1CEB165203B85DA0054751A /* Release */,
			);
			defaultConfigurationIsVisible = 0;
			defaultConfigurationName = Release;
		};
		F1CEB166203B85DA0054751A /* Build configuration list for PBXNativeTarget "TaroSilver" */ = {
			isa = XCConfigurationList;
			buildConfigurations = (
				F1CEB167203B85DA0054751A /* Debug */,
				F1CEB168203B85DA0054751A /* Release */,
			);
			defaultConfigurationIsVisible = 0;
			defaultConfigurationName = Release;
		};
/* End XCConfigurationList section */
	};
	rootObject = F1CEB14C203B85DA0054751A /* Project object */;
}
