// !$*UTF8*$!
{
	archiveVersion = 1;
	classes = {
	};
	objectVersion = 48;
	objects = {

/* Begin PBXBuildFile section */
		F162F6952039A57000B0262E /* AppDelegate.swift in Sources */ = {isa = PBXBuildFile; fileRef = F162F6942039A57000B0262E /* AppDelegate.swift */; };
		F162F6972039A57000B0262E /* ViewController.swift in Sources */ = {isa = PBXBuildFile; fileRef = F162F6962039A57000B0262E /* ViewController.swift */; };
		F162F69A2039A57000B0262E /* Main.storyboard in Resources */ = {isa = PBXBuildFile; fileRef = F162F6982039A57000B0262E /* Main.storyboard */; };
		F162F69C2039A57000B0262E /* Assets.xcassets in Resources */ = {isa = PBXBuildFile; fileRef = F162F69B2039A57000B0262E /* Assets.xcassets */; };
		F162F69F2039A57000B0262E /* LaunchScreen.storyboard in Resources */ = {isa = PBXBuildFile; fileRef = F162F69D2039A57000B0262E /* LaunchScreen.storyboard */; };
/* End PBXBuildFile section */

/* Begin PBXFileReference section */
		F162F6912039A57000B0262E /* SwitchColorAppSilver.app */ = {isa = PBXFileReference; explicitFileType = wrapper.application; includeInIndex = 0; path = SwitchColorAppSilver.app; sourceTree = BUILT_PRODUCTS_DIR; };
		F162F6942039A57000B0262E /* AppDelegate.swift */ = {isa = PBXFileReference; lastKnownFileType = sourcecode.swift; path = AppDelegate.swift; sourceTree = "<group>"; };
		F162F6962039A57000B0262E /* ViewController.swift */ = {isa = PBXFileReference; lastKnownFileType = sourcecode.swift; path = ViewController.swift; sourceTree = "<group>"; };
		F162F6992039A57000B0262E /* Base */ = {isa = PBXFileReference; lastKnownFileType = file.storyboard; name = Base; path = Base.lproj/Main.storyboard; sourceTree = "<group>"; };
		F162F69B2039A57000B0262E /* Assets.xcassets */ = {isa = PBXFileReference; lastKnownFileType = folder.assetcatalog; path = Assets.xcassets; sourceTree = "<group>"; };
		F162F69E2039A57000B0262E /* Base */ = {isa = PBXFileReference; lastKnownFileType = file.storyboard; name = Base; path = Base.lproj/LaunchScreen.storyboard; sourceTree = "<group>"; };
		F162F6A02039A57000B0262E /* Info.plist */ = {isa = PBXFileReference; lastKnownFileType = text.plist.xml; path = Info.plist; sourceTree = "<group>"; };
/* End PBXFileReference section */

/* Begin PBXFrameworksBuildPhase section */
		F162F68E2039A57000B0262E /* Frameworks */ = {
			isa = PBXFrameworksBuildPhase;
			buildActionMask = 2147483647;
			files = (
			);
			runOnlyForDeploymentPostprocessing = 0;
		};
/* End PBXFrameworksBuildPhase section */

/* Begin PBXGroup section */
		F162F6882039A57000B0262E = {
			isa = PBXGroup;
			children = (
				F162F6932039A57000B0262E /* SwitchColorAppSilver */,
				F162F6922039A57000B0262E /* Products */,
			);
			sourceTree = "<group>";
		};
		F162F6922039A57000B0262E /* Products */ = {
			isa = PBXGroup;
			children = (
				F162F6912039A57000B0262E /* SwitchColorAppSilver.app */,
			);
			name = Products;
			sourceTree = "<group>";
		};
		F162F6932039A57000B0262E /* SwitchColorAppSilver */ = {
			isa = PBXGroup;
			children = (
				F162F6942039A57000B0262E /* AppDelegate.swift */,
				F162F6962039A57000B0262E /* ViewController.swift */,
				F162F6982039A57000B0262E /* Main.storyboard */,
				F162F69B2039A57000B0262E /* Assets.xcassets */,
				F162F69D2039A57000B0262E /* LaunchScreen.storyboard */,
				F162F6A02039A57000B0262E /* Info.plist */,
			);
			path = SwitchColorAppSilver;
			sourceTree = "<group>";
		};
/* End PBXGroup section */

/* Begin PBXNativeTarget section */
		F162F6902039A57000B0262E /* SwitchColorAppSilver */ = {
			isa = PBXNativeTarget;
			buildConfigurationList = F162F6A32039A57000B0262E /* Build configuration list for PBXNativeTarget "SwitchColorAppSilver" */;
			buildPhases = (
				F162F68D2039A57000B0262E /* Sources */,
				F162F68E2039A57000B0262E /* Frameworks */,
				F162F68F2039A57000B0262E /* Resources */,
			);
			buildRules = (
			);
			dependencies = (
			);
			name = SwitchColorAppSilver;
			productName = SwitchColorAppSilver;
			productReference = F162F6912039A57000B0262E /* SwitchColorAppSilver.app */;
			productType = "com.apple.product-type.application";
		};
/* End PBXNativeTarget section */

/* Begin PBXProject section */
		F162F6892039A57000B0262E /* Project object */ = {
			isa = PBXProject;
			attributes = {
				LastSwiftUpdateCheck = 0920;
				LastUpgradeCheck = 0920;
				ORGANIZATIONNAME = "Akerke Okapova";
				TargetAttributes = {
					F162F6902039A57000B0262E = {
						CreatedOnToolsVersion = 9.2;
						ProvisioningStyle = Automatic;
					};
				};
			};
			buildConfigurationList = F162F68C2039A57000B0262E /* Build configuration list for PBXProject "SwitchColorAppSilver" */;
			compatibilityVersion = "Xcode 8.0";
			developmentRegion = en;
			hasScannedForEncodings = 0;
			knownRegions = (
				en,
				Base,
			);
			mainGroup = F162F6882039A57000B0262E;
			productRefGroup = F162F6922039A57000B0262E /* Products */;
			projectDirPath = "";
			projectRoot = "";
			targets = (
				F162F6902039A57000B0262E /* SwitchColorAppSilver */,
			);
		};
/* End PBXProject section */

/* Begin PBXResourcesBuildPhase section */
		F162F68F2039A57000B0262E /* Resources */ = {
			isa = PBXResourcesBuildPhase;
			buildActionMask = 2147483647;
			files = (
				F162F69F2039A57000B0262E /* LaunchScreen.storyboard in Resources */,
				F162F69C2039A57000B0262E /* Assets.xcassets in Resources */,
				F162F69A2039A57000B0262E /* Main.storyboard in Resources */,
			);
			runOnlyForDeploymentPostprocessing = 0;
		};
/* End PBXResourcesBuildPhase section */

/* Begin PBXSourcesBuildPhase section */
		F162F68D2039A57000B0262E /* Sources */ = {
			isa = PBXSourcesBuildPhase;
			buildActionMask = 2147483647;
			files = (
				F162F6972039A57000B0262E /* ViewController.swift in Sources */,
				F162F6952039A57000B0262E /* AppDelegate.swift in Sources */,
			);
			runOnlyForDeploymentPostprocessing = 0;
		};
/* End PBXSourcesBuildPhase section */

/* Begin PBXVariantGroup section */
		F162F6982039A57000B0262E /* Main.storyboard */ = {
			isa = PBXVariantGroup;
			children = (
				F162F6992039A57000B0262E /* Base */,
			);
			name = Main.storyboard;
			sourceTree = "<group>";
		};
		F162F69D2039A57000B0262E /* LaunchScreen.storyboard */ = {
			isa = PBXVariantGroup;
			children = (
				F162F69E2039A57000B0262E /* Base */,
			);
			name = LaunchScreen.storyboard;
			sourceTree = "<group>";
		};
/* End PBXVariantGroup section */

/* Begin XCBuildConfiguration section */
		F162F6A12039A57000B0262E /* Debug */ = {
			isa = XCBuildConfiguration;
			buildSettings = {
				ALWAYS_SEARCH_USER_PATHS = NO;
				CLANG_ANALYZER_NONNULL = YES;
				CLANG_ANALYZER_NUMBER_OBJECT_CONVERSION = YES_AGGRESSIVE;
				CLANG_CXX_LANGUAGE_STANDARD = "gnu++14";
				CLANG_CXX_LIBRARY = "libc++";
				CLANG_ENABLE_MODULES = YES;
				CLANG_ENABLE_OBJC_ARC = YES;
				CLANG_WARN_BLOCK_CAPTURE_AUTORELEASING = YES;
				CLANG_WARN_BOOL_CONVERSION = YES;
				CLANG_WARN_COMMA = YES;
				CLANG_WARN_CONSTANT_CONVERSION = YES;
				CLANG_WARN_DIRECT_OBJC_ISA_USAGE = YES_ERROR;
				CLANG_WARN_DOCUMENTATION_COMMENTS = YES;
				CLANG_WARN_EMPTY_BODY = YES;
				CLANG_WARN_ENUM_CONVERSION = YES;
				CLANG_WARN_INFINITE_RECURSION = YES;
				CLANG_WARN_INT_CONVERSION = YES;
				CLANG_WARN_NON_LITERAL_NULL_CONVERSION = YES;
				CLANG_WARN_OBJC_LITERAL_CONVERSION = YES;
				CLANG_WARN_OBJC_ROOT_CLASS = YES_ERROR;
				CLANG_WARN_RANGE_LOOP_ANALYSIS = YES;
				CLANG_WARN_STRICT_PROTOTYPES = YES;
				CLANG_WARN_SUSPICIOUS_MOVE = YES;
				CLANG_WARN_UNGUARDED_AVAILABILITY = YES_AGGRESSIVE;
				CLANG_WARN_UNREACHABLE_CODE = YES;
				CLANG_WARN__DUPLICATE_METHOD_MATCH = YES;
				CODE_SIGN_IDENTITY = "iPhone Developer";
				COPY_PHASE_STRIP = NO;
				DEBUG_INFORMATION_FORMAT = dwarf;
				ENABLE_STRICT_OBJC_MSGSEND = YES;
				ENABLE_TESTABILITY = YES;
				GCC_C_LANGUAGE_STANDARD = gnu11;
				GCC_DYNAMIC_NO_PIC = NO;
				GCC_NO_COMMON_BLOCKS = YES;
				GCC_OPTIMIZATION_LEVEL = 0;
				GCC_PREPROCESSOR_DEFINITIONS = (
					"DEBUG=1",
					"$(inherited)",
				);
				GCC_WARN_64_TO_32_BIT_CONVERSION = YES;
				GCC_WARN_ABOUT_RETURN_TYPE = YES_ERROR;
				GCC_WARN_UNDECLARED_SELECTOR = YES;
				GCC_WARN_UNINITIALIZED_AUTOS = YES_AGGRESSIVE;
				GCC_WARN_UNUSED_FUNCTION = YES;
				GCC_WARN_UNUSED_VARIABLE = YES;
				IPHONEOS_DEPLOYMENT_TARGET = 11.2;
				MTL_ENABLE_DEBUG_INFO = YES;
				ONLY_ACTIVE_ARCH = YES;
				SDKROOT = iphoneos;
				SWIFT_ACTIVE_COMPILATION_CONDITIONS = DEBUG;
				SWIFT_OPTIMIZATION_LEVEL = "-Onone";
			};
			name = Debug;
		};
		F162F6A22039A57000B0262E /* Release */ = {
			isa = XCBuildConfiguration;
			buildSettings = {
				ALWAYS_SEARCH_USER_PATHS = NO;
				CLANG_ANALYZER_NONNULL = YES;
				CLANG_ANALYZER_NUMBER_OBJECT_CONVERSION = YES_AGGRESSIVE;
				CLANG_CXX_LANGUAGE_STANDARD = "gnu++14";
				CLANG_CXX_LIBRARY = "libc++";
				CLANG_ENABLE_MODULES = YES;
				CLANG_ENABLE_OBJC_ARC = YES;
				CLANG_WARN_BLOCK_CAPTURE_AUTORELEASING = YES;
				CLANG_WARN_BOOL_CONVERSION = YES;
				CLANG_WARN_COMMA = YES;
				CLANG_WARN_CONSTANT_CONVERSION = YES;
				CLANG_WARN_DIRECT_OBJC_ISA_USAGE = YES_ERROR;
				CLANG_WARN_DOCUMENTATION_COMMENTS = YES;
				CLANG_WARN_EMPTY_BODY = YES;
				CLANG_WARN_ENUM_CONVERSION = YES;
				CLANG_WARN_INFINITE_RECURSION = YES;
				CLANG_WARN_INT_CONVERSION = YES;
				CLANG_WARN_NON_LITERAL_NULL_CONVERSION = YES;
				CLANG_WARN_OBJC_LITERAL_CONVERSION = YES;
				CLANG_WARN_OBJC_ROOT_CLASS = YES_ERROR;
				CLANG_WARN_RANGE_LOOP_ANALYSIS = YES;
				CLANG_WARN_STRICT_PROTOTYPES = YES;
				CLANG_WARN_SUSPICIOUS_MOVE = YES;
				CLANG_WARN_UNGUARDED_AVAILABILITY = YES_AGGRESSIVE;
				CLANG_WARN_UNREACHABLE_CODE = YES;
				CLANG_WARN__DUPLICATE_METHOD_MATCH = YES;
				CODE_SIGN_IDENTITY = "iPhone Developer";
				COPY_PHASE_STRIP = NO;
				DEBUG_INFORMATION_FORMAT = "dwarf-with-dsym";
				ENABLE_NS_ASSERTIONS = NO;
				ENABLE_STRICT_OBJC_MSGSEND = YES;
				GCC_C_LANGUAGE_STANDARD = gnu11;
				GCC_NO_COMMON_BLOCKS = YES;
				GCC_WARN_64_TO_32_BIT_CONVERSION = YES;
				GCC_WARN_ABOUT_RETURN_TYPE = YES_ERROR;
				GCC_WARN_UNDECLARED_SELECTOR = YES;
				GCC_WARN_UNINITIALIZED_AUTOS = YES_AGGRESSIVE;
				GCC_WARN_UNUSED_FUNCTION = YES;
				GCC_WARN_UNUSED_VARIABLE = YES;
				IPHONEOS_DEPLOYMENT_TARGET = 11.2;
				MTL_ENABLE_DEBUG_INFO = NO;
				SDKROOT = iphoneos;
				SWIFT_OPTIMIZATION_LEVEL = "-Owholemodule";
				VALIDATE_PRODUCT = YES;
			};
			name = Release;
		};
		F162F6A42039A57000B0262E /* Debug */ = {
			isa = XCBuildConfiguration;
			buildSettings = {
				ASSETCATALOG_COMPILER_APPICON_NAME = AppIcon;
				CODE_SIGN_STYLE = Automatic;
				DEVELOPMENT_TEAM = PN9LW35DK2;
				INFOPLIST_FILE = SwitchColorAppSilver/Info.plist;
				LD_RUNPATH_SEARCH_PATHS = "$(inherited) @executable_path/Frameworks";
				PRODUCT_BUNDLE_IDENTIFIER = "akerke-okapova.SwitchColorAppSilver";
				PRODUCT_NAME = "$(TARGET_NAME)";
				SWIFT_VERSION = 4.0;
				TARGETED_DEVICE_FAMILY = "1,2";
			};
			name = Debug;
		};
		F162F6A52039A57000B0262E /* Release */ = {
			isa = XCBuildConfiguration;
			buildSettings = {
				ASSETCATALOG_COMPILER_APPICON_NAME = AppIcon;
				CODE_SIGN_STYLE = Automatic;
				DEVELOPMENT_TEAM = PN9LW35DK2;
				INFOPLIST_FILE = SwitchColorAppSilver/Info.plist;
				LD_RUNPATH_SEARCH_PATHS = "$(inherited) @executable_path/Frameworks";
				PRODUCT_BUNDLE_IDENTIFIER = "akerke-okapova.SwitchColorAppSilver";
				PRODUCT_NAME = "$(TARGET_NAME)";
				SWIFT_VERSION = 4.0;
				TARGETED_DEVICE_FAMILY = "1,2";
			};
			name = Release;
		};
/* End XCBuildConfiguration section */

/* Begin XCConfigurationList section */
		F162F68C2039A57000B0262E /* Build configuration list for PBXProject "SwitchColorAppSilver" */ = {
			isa = XCConfigurationList;
			buildConfigurations = (
				F162F6A12039A57000B0262E /* Debug */,
				F162F6A22039A57000B0262E /* Release */,
			);
			defaultConfigurationIsVisible = 0;
			defaultConfigurationName = Release;
		};
		F162F6A32039A57000B0262E /* Build configuration list for PBXNativeTarget "SwitchColorAppSilver" */ = {
			isa = XCConfigurationList;
			buildConfigurations = (
				F162F6A42039A57000B0262E /* Debug */,
				F162F6A52039A57000B0262E /* Release */,
			);
			defaultConfigurationIsVisible = 0;
			defaultConfigurationName = Release;
		};
/* End XCConfigurationList section */
	};
	rootObject = F162F6892039A57000B0262E /* Project object */;
}
